
Microsoft Visual Studio Solution File, Format Version 12.00
# Visual Studio Version 17
VisualStudioVersion = 17.14.36401.2 d17.14
MinimumVisualStudioVersion = 10.0.40219.1
Project("{FAE04EC0-301F-11D3-BF4B-00C04F79EFBC}") = "MangaShelf.Api", "MangaShelf.Api\MangaShelf.Api.csproj", "{B09EE3F2-B0B1-41AF-B113-F0FD268E06A5}"
EndProject
Project("{FAE04EC0-301F-11D3-BF4B-00C04F79EFBC}") = "MangaShelf", "MangaShelf\MangaShelf.csproj", "{B72EB03C-654C-43F2-BDCF-825E97426FD1}"
EndProject
Project("{E53339B2-1760-4266-BCC7-CA923CBCF16C}") = "docker-compose", "docker-compose.dcproj", "{81DDED9D-158B-E303-5F62-77A2896D2A5A}"
EndProject
Global
	GlobalSection(SolutionConfigurationPlatforms) = preSolution
		Debug|Any CPU = Debug|Any CPU
		Release|Any CPU = Release|Any CPU
	EndGlobalSection
	GlobalSection(ProjectConfigurationPlatforms) = postSolution
		{B09EE3F2-B0B1-41AF-B113-F0FD268E06A5}.Debug|Any CPU.ActiveCfg = Debug|Any CPU
		{B09EE3F2-B0B1-41AF-B113-F0FD268E06A5}.Debug|Any CPU.Build.0 = Debug|Any CPU
		{B09EE3F2-B0B1-41AF-B113-F0FD268E06A5}.Release|Any CPU.ActiveCfg = Release|Any CPU
		{B09EE3F2-B0B1-41AF-B113-F0FD268E06A5}.Release|Any CPU.Build.0 = Release|Any CPU
		{B72EB03C-654C-43F2-BDCF-825E97426FD1}.Debug|Any CPU.ActiveCfg = Debug|Any CPU
		{B72EB03C-654C-43F2-BDCF-825E97426FD1}.Debug|Any CPU.Build.0 = Debug|Any CPU
		{B72EB03C-654C-43F2-BDCF-825E97426FD1}.Release|Any CPU.ActiveCfg = Release|Any CPU
		{B72EB03C-654C-43F2-BDCF-825E97426FD1}.Release|Any CPU.Build.0 = Release|Any CPU
		{81DDED9D-158B-E303-5F62-77A2896D2A5A}.Debug|Any CPU.ActiveCfg = Debug|Any CPU
		{81DDED9D-158B-E303-5F62-77A2896D2A5A}.Debug|Any CPU.Build.0 = Debug|Any CPU
		{81DDED9D-158B-E303-5F62-77A2896D2A5A}.Release|Any CPU.ActiveCfg = Release|Any CPU
		{81DDED9D-158B-E303-5F62-77A2896D2A5A}.Release|Any CPU.Build.0 = Release|Any CPU
	EndGlobalSection
	GlobalSection(SolutionProperties) = preSolution
		HideSolutionNode = FALSE
	EndGlobalSection
	GlobalSection(ExtensibilityGlobals) = postSolution
		SolutionGuid = {045082D2-3099-4945-ADE7-F19054EB80E5}
	EndGlobalSection
EndGlobal
